
Microsoft Visual Studio Solution File, Format Version 12.00
# Visual Studio Version 16
VisualStudioVersion = 16.0.810.21
MinimumVisualStudioVersion = 10.0.40219.1
Project("{FAE04EC0-301F-11D3-BF4B-00C04F79EFBC}") = "PracticeQuestions", "PracticeQuestions\PracticeQuestions.csproj", "{BDF219D6-D888-4950-9B29-181127DD974C}"
EndProject
Global
	GlobalSection(SolutionConfigurationPlatforms) = preSolution
		Debug|Any CPU = Debug|Any CPU
		Release|Any CPU = Release|Any CPU
	EndGlobalSection
	GlobalSection(ProjectConfigurationPlatforms) = postSolution
		{BDF219D6-D888-4950-9B29-181127DD974C}.Debug|Any CPU.ActiveCfg = Debug|Any CPU
		{BDF219D6-D888-4950-9B29-181127DD974C}.Debug|Any CPU.Build.0 = Debug|Any CPU
		{BDF219D6-D888-4950-9B29-181127DD974C}.Release|Any CPU.ActiveCfg = Release|Any CPU
		{BDF219D6-D888-4950-9B29-181127DD974C}.Release|Any CPU.Build.0 = Release|Any CPU
	EndGlobalSection
	GlobalSection(SolutionProperties) = preSolution
		HideSolutionNode = FALSE
	EndGlobalSection
	GlobalSection(ExtensibilityGlobals) = postSolution
		SolutionGuid = {5A03D8CD-59F0-4CD2-8A54-05088E4EC2CD}
	EndGlobalSection
EndGlobal
